Microsoft Visual Studio Solution File, Format Version 11.00
# Visual Studio 2008

Project("{5691D716-8DEE-700B-FBEB-5F58D3768685}") = "Game3_Proto", "Assembly-CSharp.csproj", "{CE8F450D-4AB3-18AB-F613-A108EBE25289}"
EndProject
Global
	GlobalSection(SolutionConfigurationPlatforms) = preSolution
		Debug|Any CPU = Debug|Any CPU
		Release|Any CPU = Release|Any CPU
	EndGlobalSection
	GlobalSection(ProjectConfigurationPlatforms) = postSolution
		{CE8F450D-4AB3-18AB-F613-A108EBE25289}.Debug|Any CPU.ActiveCfg = Debug|Any CPU
		{CE8F450D-4AB3-18AB-F613-A108EBE25289}.Debug|Any CPU.Build.0 = Debug|Any CPU
		{CE8F450D-4AB3-18AB-F613-A108EBE25289}.Release|Any CPU.ActiveCfg = Release|Any CPU
		{CE8F450D-4AB3-18AB-F613-A108EBE25289}.Release|Any CPU.Build.0 = Release|Any CPU
	EndGlobalSection
	GlobalSection(SolutionProperties) = preSolution
		HideSolutionNode = FALSE
	EndGlobalSection
	GlobalSection(MonoDevelopProperties) = preSolution
		StartupItem = Assembly-CSharp.csproj
	EndGlobalSection
EndGlobal
